
Microsoft Visual Studio Solution File, Format Version 12.00
# Visual Studio Version 17
VisualStudioVersion = 17.4.33205.214
MinimumVisualStudioVersion = 10.0.40219.1
Project("{FAE04EC0-301F-11D3-BF4B-00C04F79EFBC}") = "Main", "CEAL\Main.csproj", "{D46A0225-A1CB-424B-9671-4644A60C50D5}"
EndProject
Global
	GlobalSection(SolutionConfigurationPlatforms) = preSolution
		Debug|Any CPU = Debug|Any CPU
		Release|Any CPU = Release|Any CPU
	EndGlobalSection
	GlobalSection(ProjectConfigurationPlatforms) = postSolution
		{D46A0225-A1CB-424B-9671-4644A60C50D5}.Debug|Any CPU.ActiveCfg = Debug|Any CPU
		{D46A0225-A1CB-424B-9671-4644A60C50D5}.Debug|Any CPU.Build.0 = Debug|Any CPU
		{D46A0225-A1CB-424B-9671-4644A60C50D5}.Release|Any CPU.ActiveCfg = Release|Any CPU
		{D46A0225-A1CB-424B-9671-4644A60C50D5}.Release|Any CPU.Build.0 = Release|Any CPU
	EndGlobalSection
	GlobalSection(SolutionProperties) = preSolution
		HideSolutionNode = FALSE
	EndGlobalSection
	GlobalSection(ExtensibilityGlobals) = postSolution
		SolutionGuid = {8BC69C19-0AE4-4985-A192-BE9623334F5D}
	EndGlobalSection
EndGlobal
